
Microsoft Visual Studio Solution File, Format Version 12.00
# Visual Studio 15
VisualStudioVersion = 15.0.26430.16
MinimumVisualStudioVersion = 10.0.40219.1
Project("{FAE04EC0-301F-11D3-BF4B-00C04F79EFBC}") = "SistemaGerencia.Web", "SistemaGerencia.Web\SistemaGerencia.Web.csproj", "{A1FCFA38-8B09-48C4-91DD-E78943CDAC09}"
EndProject
Project("{FAE04EC0-301F-11D3-BF4B-00C04F79EFBC}") = "SistemaGerencia.BaseModel", "SistemaGerencia.BaseModel\SistemaGerencia.BaseModel.csproj", "{4699E2A6-7316-4817-9A03-2C55B18496FE}"
EndProject
Global
	GlobalSection(SolutionConfigurationPlatforms) = preSolution
		Debug|Any CPU = Debug|Any CPU
		Release|Any CPU = Release|Any CPU
	EndGlobalSection
	GlobalSection(ProjectConfigurationPlatforms) = postSolution
		{A1FCFA38-8B09-48C4-91DD-E78943CDAC09}.Debug|Any CPU.ActiveCfg = Debug|Any CPU
		{A1FCFA38-8B09-48C4-91DD-E78943CDAC09}.Debug|Any CPU.Build.0 = Debug|Any CPU
		{A1FCFA38-8B09-48C4-91DD-E78943CDAC09}.Release|Any CPU.ActiveCfg = Release|Any CPU
		{A1FCFA38-8B09-48C4-91DD-E78943CDAC09}.Release|Any CPU.Build.0 = Release|Any CPU
		{4699E2A6-7316-4817-9A03-2C55B18496FE}.Debug|Any CPU.ActiveCfg = Debug|Any CPU
		{4699E2A6-7316-4817-9A03-2C55B18496FE}.Debug|Any CPU.Build.0 = Debug|Any CPU
		{4699E2A6-7316-4817-9A03-2C55B18496FE}.Release|Any CPU.ActiveCfg = Release|Any CPU
		{4699E2A6-7316-4817-9A03-2C55B18496FE}.Release|Any CPU.Build.0 = Release|Any CPU
	EndGlobalSection
	GlobalSection(SolutionProperties) = preSolution
		HideSolutionNode = FALSE
	EndGlobalSection
EndGlobal
